
Microsoft Visual Studio Solution File, Format Version 12.00
# Visual Studio Version 17
VisualStudioVersion = 17.12.35514.174 d17.12
MinimumVisualStudioVersion = 10.0.40219.1
Project("{FAE04EC0-301F-11D3-BF4B-00C04F79EFBC}") = "AsyncAndSync_3day", "AsyncAndSync_3day.csproj", "{65A2CB11-B110-4032-94E1-056C8A3EFA79}"
EndProject
Global
	GlobalSection(SolutionConfigurationPlatforms) = preSolution
		Debug|Any CPU = Debug|Any CPU
		Release|Any CPU = Release|Any CPU
	EndGlobalSection
	GlobalSection(ProjectConfigurationPlatforms) = postSolution
		{65A2CB11-B110-4032-94E1-056C8A3EFA79}.Debug|Any CPU.ActiveCfg = Debug|Any CPU
		{65A2CB11-B110-4032-94E1-056C8A3EFA79}.Debug|Any CPU.Build.0 = Debug|Any CPU
		{65A2CB11-B110-4032-94E1-056C8A3EFA79}.Release|Any CPU.ActiveCfg = Release|Any CPU
		{65A2CB11-B110-4032-94E1-056C8A3EFA79}.Release|Any CPU.Build.0 = Release|Any CPU
	EndGlobalSection
	GlobalSection(SolutionProperties) = preSolution
		HideSolutionNode = FALSE
	EndGlobalSection
EndGlobal
